PODS:
  - AFNetworking (3.2.0):
    - AFNetworking/NSURLSession (= 3.2.0)
    - AFNetworking/Reachability (= 3.2.0)
    - AFNetworking/Security (= 3.2.0)
    - AFNetworking/Serialization (= 3.2.0)
    - AFNetworking/UIKit (= 3.2.0)
  - AFNetworking/NSURLSession (3.2.0):
    - AFNetworking/Reachability
    - AFNetworking/Security
    - AFNetworking/Serialization
  - AFNetworking/Reachability (3.2.0)
  - AFNetworking/Security (3.2.0)
  - AFNetworking/Serialization (3.2.0)
  - AFNetworking/UIKit (3.2.0):
    - AFNetworking/NSURLSession
  - BJLiveBase (1.0.1):
    - BJLiveBase/Base (= 1.0.1)
  - BJLiveBase/Base (1.0.1)
  - BJLiveBase/Ext (1.0.1)
  - BJLiveBase/Networking (1.0.1):
    - AFNetworking (~> 3.0)
  - BJLiveBase/WebImage/AFNetworking (1.0.1):
    - AFNetworking (~> 3.0)
    - BJLiveBase/WebImage/BJLWebImage
  - BJLiveBase/WebImage/BJLWebImage (1.0.1)
  - BJLiveCore (1.0.2):
    - AFNetworking (~> 3.0)
    - BJLiveBase (~> 1.0.1)
    - BJLiveBase/Base
    - BJLiveBase/Ext
    - BJLiveBase/Networking
    - BJLiveBase/WebImage/AFNetworking
    - BJLiveCore/BJHLMediaPlayer (= 1.0.2)
    - LogStat (~> 0.7.3)
    - PocketSocket
    - ReactiveObjC
    - YYModel
  - BJLiveCore/BJHLMediaPlayer (1.0.2):
    - AFNetworking (~> 3.0)
    - BJLiveBase (~> 1.0.1)
    - BJLiveBase/Base
    - BJLiveBase/Ext
    - BJLiveBase/Networking
    - BJLiveBase/WebImage/AFNetworking
    - LogStat (~> 0.7.3)
    - PocketSocket
    - ReactiveObjC
    - YYModel
  - FLEX (2.4.0)
  - FMDB (2.7.2):
    - FMDB/standard (= 2.7.2)
  - FMDB/standard (2.7.2)
  - LogStat (0.7.3):
    - AFNetworking
    - FMDB
  - Masonry (1.1.0)
  - PocketSocket (1.0.1):
    - PocketSocket/Client (= 1.0.1)
    - PocketSocket/Core (= 1.0.1)
    - PocketSocket/Server (= 1.0.1)
  - PocketSocket/Client (1.0.1):
    - PocketSocket/Core
  - PocketSocket/Core (1.0.1)
  - PocketSocket/Server (1.0.1):
    - PocketSocket/Client
  - ReactiveObjC (3.1.0)
  - YYModel (1.0.4)

DEPENDENCIES:
  - BJLiveCore (from `../`)
  - FLEX (~> 2.0)
  - Masonry

EXTERNAL SOURCES:
  BJLiveCore:
    :path: ../

SPEC CHECKSUMS:
  AFNetworking: 8ac6017b94ea105479f7776e5288e48ae9c59bb4
  BJLiveBase: 28a6299eebb2d2269b74e72123823e3385b548f9
  BJLiveCore: 2fe9a1cfadb06af0551ef531d6201a7c05b29494
  FLEX: bd1a39e55b56bb413b6f1b34b3c10a0dc44ef079
  FMDB: 6198a90e7b6900cfc046e6bc0ef6ebb7be9236aa
  LogStat: 5ff4a1a6152d71a1e24f8a311eaf0a29412a7021
  Masonry: 678fab65091a9290e40e2832a55e7ab731aad201
  PocketSocket: 9c6867d66fb4f962af96b9b07f4b45bb561b2c2a
  ReactiveObjC: 2a38ea15335de4119d8b17caf1db1484f61db902
  YYModel: 2a7fdd96aaa4b86a824e26d0c517de8928c04b30

PODFILE CHECKSUM: 81cca7b0ae19425bdae35770fdc2ac1c13029ee1

COCOAPODS: 1.4.0
